PODS:
  - PXCrashguard (0.1.0)
  - PXxlogger (0.1.0)

DEPENDENCIES:
  - PXCrashguard (from `../`)
  - PXxlogger

SPEC REPOS:
  trunk:
    - PXxlogger

EXTERNAL SOURCES:
  PXCrashguard:
    :path: "../"

SPEC CHECKSUMS:
  PXCrashguard: d5a7a5d03373cca99bf2eae7dbfa1d72756499b0
  PXxlogger: 93c96351bc9a9b8103148d3ff412fa40a900c9ec

PODFILE CHECKSUM: cf0c818947ff2b1edadbfeffa4fdcce16c77dba3

COCOAPODS: 1.12.1
